
Microsoft Visual Studio Solution File, Format Version 12.00
# Visual Studio Version 16
VisualStudioVersion = 16.0.31410.357
MinimumVisualStudioVersion = 10.0.40219.1
Project("{FAE04EC0-301F-11D3-BF4B-00C04F79EFBC}") = "AccountingNote", "AccountingNote\AccountingNote.csproj", "{ACE1F5E7-3E12-410D-B84B-E14E6EB8BB60}"
EndProject
Project("{FAE04EC0-301F-11D3-BF4B-00C04F79EFBC}") = "AccountingNote.DBSource", "AccountingNote.DBSource\AccountingNote.DBSource.csproj", "{A70D97E7-80FE-4B8E-8AC0-8ED3E3458FAF}"
EndProject
Project("{FAE04EC0-301F-11D3-BF4B-00C04F79EFBC}") = "AccountingNote.Auth", "AccountingNote.Auth\AccountingNote.Auth.csproj", "{2B8A3712-F369-47D7-AA61-5B74C5E78546}"
EndProject
Global
	GlobalSection(SolutionConfigurationPlatforms) = preSolution
		Debug|Any CPU = Debug|Any CPU
		Release|Any CPU = Release|Any CPU
	EndGlobalSection
	GlobalSection(ProjectConfigurationPlatforms) = postSolution
		{ACE1F5E7-3E12-410D-B84B-E14E6EB8BB60}.Debug|Any CPU.ActiveCfg = Debug|Any CPU
		{ACE1F5E7-3E12-410D-B84B-E14E6EB8BB60}.Debug|Any CPU.Build.0 = Debug|Any CPU
		{ACE1F5E7-3E12-410D-B84B-E14E6EB8BB60}.Release|Any CPU.ActiveCfg = Release|Any CPU
		{ACE1F5E7-3E12-410D-B84B-E14E6EB8BB60}.Release|Any CPU.Build.0 = Release|Any CPU
		{A70D97E7-80FE-4B8E-8AC0-8ED3E3458FAF}.Debug|Any CPU.ActiveCfg = Debug|Any CPU
		{A70D97E7-80FE-4B8E-8AC0-8ED3E3458FAF}.Debug|Any CPU.Build.0 = Debug|Any CPU
		{A70D97E7-80FE-4B8E-8AC0-8ED3E3458FAF}.Release|Any CPU.ActiveCfg = Release|Any CPU
		{A70D97E7-80FE-4B8E-8AC0-8ED3E3458FAF}.Release|Any CPU.Build.0 = Release|Any CPU
		{2B8A3712-F369-47D7-AA61-5B74C5E78546}.Debug|Any CPU.ActiveCfg = Debug|Any CPU
		{2B8A3712-F369-47D7-AA61-5B74C5E78546}.Debug|Any CPU.Build.0 = Debug|Any CPU
		{2B8A3712-F369-47D7-AA61-5B74C5E78546}.Release|Any CPU.ActiveCfg = Release|Any CPU
		{2B8A3712-F369-47D7-AA61-5B74C5E78546}.Release|Any CPU.Build.0 = Release|Any CPU
	EndGlobalSection
	GlobalSection(SolutionProperties) = preSolution
		HideSolutionNode = FALSE
	EndGlobalSection
	GlobalSection(ExtensibilityGlobals) = postSolution
		SolutionGuid = {01510B6B-CB8F-4428-9C9D-644C5BE36B73}
	EndGlobalSection
EndGlobal
